
Microsoft Visual Studio Solution File, Format Version 12.00
# Visual Studio Version 16
VisualStudioVersion = 16.0.34407.143
MinimumVisualStudioVersion = 10.0.40219.1
Project("{8BC9CEB8-8B4A-11D0-8D11-00A0C91BC942}") = "OpenConnectV1", "OpenConnectV1\OpenConnectV1.vcxproj", "{8CB50E50-13E6-4E41-8474-7C71C6CC48C0}"
EndProject
Project("{8BC9CEB8-8B4A-11D0-8D11-00A0C91BC942}") = "OpenConnectV1Tests", "OpenConnectV1Tests\OpenConnectV1Tests.vcxproj", "{F0AB7E5A-6970-4242-AFDB-9AA9304DF8F0}"
EndProject
Project("{8BC9CEB8-8B4A-11D0-8D11-00A0C91BC942}") = "OpenConnectV1App", "OpenConnectV1App\OpenConnectV1App.vcxproj", "{633071CF-C9F0-4E49-8211-F607D5E163F7}"
EndProject
Project("{2150E333-8FDC-42A3-9474-1A3956D46DE8}") = "Solution Items", "Solution Items", "{0CFF23AE-BD18-4EE1-91C3-5B8B9B6572DB}"
	ProjectSection(SolutionItems) = preProject
		.gitignore = .gitignore
		README.md = README.md
	EndProjectSection
EndProject
Project("{2150E333-8FDC-42A3-9474-1A3956D46DE8}") = ".github", ".github", "{2A764D47-1ECC-495A-984E-FE14FC58ECB2}"
EndProject
Project("{2150E333-8FDC-42A3-9474-1A3956D46DE8}") = "workflows", "workflows", "{438E8EF9-F368-46D0-ACC7-8D63E2D2B851}"
	ProjectSection(SolutionItems) = preProject
		build-and-release.yml = build-and-release.yml
	EndProjectSection
EndProject
Global
	GlobalSection(SolutionConfigurationPlatforms) = preSolution
		Debug|x64 = Debug|x64
		Debug|x86 = Debug|x86
		Release|x64 = Release|x64
		Release|x86 = Release|x86
	EndGlobalSection
	GlobalSection(ProjectConfigurationPlatforms) = postSolution
		{8CB50E50-13E6-4E41-8474-7C71C6CC48C0}.Debug|x64.ActiveCfg = Debug|x64
		{8CB50E50-13E6-4E41-8474-7C71C6CC48C0}.Debug|x64.Build.0 = Debug|x64
		{8CB50E50-13E6-4E41-8474-7C71C6CC48C0}.Debug|x86.ActiveCfg = Debug|Win32
		{8CB50E50-13E6-4E41-8474-7C71C6CC48C0}.Debug|x86.Build.0 = Debug|Win32
		{8CB50E50-13E6-4E41-8474-7C71C6CC48C0}.Release|x64.ActiveCfg = Release|x64
		{8CB50E50-13E6-4E41-8474-7C71C6CC48C0}.Release|x64.Build.0 = Release|x64
		{8CB50E50-13E6-4E41-8474-7C71C6CC48C0}.Release|x86.ActiveCfg = Release|Win32
		{8CB50E50-13E6-4E41-8474-7C71C6CC48C0}.Release|x86.Build.0 = Release|Win32
		{F0AB7E5A-6970-4242-AFDB-9AA9304DF8F0}.Debug|x64.ActiveCfg = Debug|x64
		{F0AB7E5A-6970-4242-AFDB-9AA9304DF8F0}.Debug|x64.Build.0 = Debug|x64
		{F0AB7E5A-6970-4242-AFDB-9AA9304DF8F0}.Debug|x86.ActiveCfg = Debug|Win32
		{F0AB7E5A-6970-4242-AFDB-9AA9304DF8F0}.Debug|x86.Build.0 = Debug|Win32
		{F0AB7E5A-6970-4242-AFDB-9AA9304DF8F0}.Release|x64.ActiveCfg = Release|x64
		{F0AB7E5A-6970-4242-AFDB-9AA9304DF8F0}.Release|x64.Build.0 = Release|x64
		{F0AB7E5A-6970-4242-AFDB-9AA9304DF8F0}.Release|x86.ActiveCfg = Release|Win32
		{F0AB7E5A-6970-4242-AFDB-9AA9304DF8F0}.Release|x86.Build.0 = Release|Win32
		{633071CF-C9F0-4E49-8211-F607D5E163F7}.Debug|x64.ActiveCfg = Debug|x64
		{633071CF-C9F0-4E49-8211-F607D5E163F7}.Debug|x64.Build.0 = Debug|x64
		{633071CF-C9F0-4E49-8211-F607D5E163F7}.Debug|x86.ActiveCfg = Debug|Win32
		{633071CF-C9F0-4E49-8211-F607D5E163F7}.Debug|x86.Build.0 = Debug|Win32
		{633071CF-C9F0-4E49-8211-F607D5E163F7}.Release|x64.ActiveCfg = Release|x64
		{633071CF-C9F0-4E49-8211-F607D5E163F7}.Release|x64.Build.0 = Release|x64
		{633071CF-C9F0-4E49-8211-F607D5E163F7}.Release|x86.ActiveCfg = Release|Win32
		{633071CF-C9F0-4E49-8211-F607D5E163F7}.Release|x86.Build.0 = Release|Win32
	EndGlobalSection
	GlobalSection(SolutionProperties) = preSolution
		HideSolutionNode = FALSE
	EndGlobalSection
	GlobalSection(NestedProjects) = preSolution
		{2A764D47-1ECC-495A-984E-FE14FC58ECB2} = {0CFF23AE-BD18-4EE1-91C3-5B8B9B6572DB}
		{438E8EF9-F368-46D0-ACC7-8D63E2D2B851} = {2A764D47-1ECC-495A-984E-FE14FC58ECB2}
	EndGlobalSection
	GlobalSection(ExtensibilityGlobals) = postSolution
		SolutionGuid = {4878C048-7EAF-4044-A778-8AAC69C924B2}
	EndGlobalSection
EndGlobal
